// !$*UTF8*$!
{
	archiveVersion = 1;
	classes = {
	};
	objectVersion = 77;
	objects = {

/* Begin PBXBuildFile section */
		032E3FB62E60BFFAAED186A8 /* PetEngineTests.swift in Sources */ = {isa = PBXBuildFile; fileRef = F1D75799F0ECD08111989F04 /* PetEngineTests.swift */; };
		0667EC37B6C23A63B148F886 /* PetWindowView.swift in Sources */ = {isa = PBXBuildFile; fileRef = 60B66CC60C145B118B07BE56 /* PetWindowView.swift */; };
		1B9158C753D71959F2CAAB83 /* ConversationStore.swift in Sources */ = {isa = PBXBuildFile; fileRef = 7418E066B4A7449B1CEEC3FB /* ConversationStore.swift */; };
		2011B284CFC52C8F79C78F21 /* ChatBubbleView.swift in Sources */ = {isa = PBXBuildFile; fileRef = 0E5A1035D9C0ADACE5CD65E7 /* ChatBubbleView.swift */; };
		29C10457BC0608C1B7E67DAC /* SpriteKitEngine.swift in Sources */ = {isa = PBXBuildFile; fileRef = AE76C97D05326362CADC324C /* SpriteKitEngine.swift */; };
		2FC9CE0E2933B186B3A05E6F /* Assets.xcassets in Resources */ = {isa = PBXBuildFile; fileRef = 0612DE7D7D1A267C8CFEDEF0 /* Assets.xcassets */; };
		319469BFFB82DCDAC6EBC326 /* AppDelegate.swift in Sources */ = {isa = PBXBuildFile; fileRef = 20A4257D5BA1B8BA7D963679 /* AppDelegate.swift */; };
		49158FE8D6B30E4FACA09107 /* SystemSignal.swift in Sources */ = {isa = PBXBuildFile; fileRef = 0C56C40E144AC480A160E5B3 /* SystemSignal.swift */; };
		50B3FD87D67B7F5B677E0508 /* SceneKitEngine.swift in Sources */ = {isa = PBXBuildFile; fileRef = 31F396A45689C70085B3128D /* SceneKitEngine.swift */; };
		539ABACDB538FDB20935F032 /* SettingsView.swift in Sources */ = {isa = PBXBuildFile; fileRef = 12427FDFC408A249D1C3E2EA /* SettingsView.swift */; };
		595B7C9A4F33B6949E4A9562 /* Dog3DAnimations.swift in Sources */ = {isa = PBXBuildFile; fileRef = 6E35666294022C054E1396B5 /* Dog3DAnimations.swift */; };
		69D786C472966C6D34FD41C9 /* DeskBuddyApp.swift in Sources */ = {isa = PBXBuildFile; fileRef = C963CE34AE87D3DF3B28B83F /* DeskBuddyApp.swift */; };
		6D0776F6720DD920A1013748 /* Speech.framework in Frameworks */ = {isa = PBXBuildFile; fileRef = 0D0974C218E6F658725092DF /* Speech.framework */; };
		71059FEE585F1B7AF553C295 /* AIBridgeTests.swift in Sources */ = {isa = PBXBuildFile; fileRef = D277DCFE77AE705830275992 /* AIBridgeTests.swift */; };
		76E766675A48D9384E5BB0D7 /* VoiceOutput.swift in Sources */ = {isa = PBXBuildFile; fileRef = E322CB9C659DD5445E761014 /* VoiceOutput.swift */; };
		77B9C80022179EE9F0237F8A /* PetWindowController.swift in Sources */ = {isa = PBXBuildFile; fileRef = C561032E33A6E9F6CFE815A5 /* PetWindowController.swift */; };
		794F144290BEA9D272F0C3DA /* AnimationRhythm.swift in Sources */ = {isa = PBXBuildFile; fileRef = 0947E64CF288BA59A1A5E403 /* AnimationRhythm.swift */; };
		7CE35D17693E67444E030A2B /* TimeSignal.swift in Sources */ = {isa = PBXBuildFile; fileRef = 45A73B32D5645B30BE0C63A9 /* TimeSignal.swift */; };
		8A111051E5A8265CB0CCB5B4 /* PetRenderEngine.swift in Sources */ = {isa = PBXBuildFile; fileRef = 53DFC277D8BE197B2F591610 /* PetRenderEngine.swift */; };
		90427EE52ABF6DB6CA9B1FA2 /* Dog3DModel.swift in Sources */ = {isa = PBXBuildFile; fileRef = A829ED18808CD06D1AE8BD5F /* Dog3DModel.swift */; };
		93703FF33ED493FD879A9AF2 /* EmotionEngineTests.swift in Sources */ = {isa = PBXBuildFile; fileRef = 53A3C264294B30D5B5C23547 /* EmotionEngineTests.swift */; };
		9751718EBF2D57A244815540 /* VoiceInput.swift in Sources */ = {isa = PBXBuildFile; fileRef = E9CF5711F6EA3732D5CFCA30 /* VoiceInput.swift */; };
		A98B8AC774EB488B475AC1B5 /* ConfigStore.swift in Sources */ = {isa = PBXBuildFile; fileRef = E9223E784DAFB09360F57C9C /* ConfigStore.swift */; };
		A9EED6920565B0B2494B0E2F /* AIBridge.swift in Sources */ = {isa = PBXBuildFile; fileRef = 9CA24405C12B2AD51D95F5D0 /* AIBridge.swift */; };
		BF398E620DF51FBBA6E2A653 /* SpriteLoader.swift in Sources */ = {isa = PBXBuildFile; fileRef = 6155145D5B22665A0EA43954 /* SpriteLoader.swift */; };
		BFBAC3A3BD1FA647BB02B79F /* IntimacySignal.swift in Sources */ = {isa = PBXBuildFile; fileRef = FADF99A2DCF90A27F5449015 /* IntimacySignal.swift */; };
		EEF130A7739DFC059E0925E8 /* PetState.swift in Sources */ = {isa = PBXBuildFile; fileRef = 103B12FE020F55C54122C2E0 /* PetState.swift */; };
		EFBC2E834C916892DB9D83D2 /* SystemPromptBuilder.swift in Sources */ = {isa = PBXBuildFile; fileRef = 58A773FEDA97DCFB2FB3E7CD /* SystemPromptBuilder.swift */; };
		F3893C0612F2D9EF691872A4 /* EmotionEngine.swift in Sources */ = {isa = PBXBuildFile; fileRef = 86E39481C042B33F63D09394 /* EmotionEngine.swift */; };
		F80F8435F9466F91C7097871 /* ExportOptions.plist in Resources */ = {isa = PBXBuildFile; fileRef = C6930633B5B817BE298A2509 /* ExportOptions.plist */; };
/* End PBXBuildFile section */

/* Begin PBXContainerItemProxy section */
		30A8F57BB5F549C6A8C2404D /* PBXContainerItemProxy */ = {
			isa = PBXContainerItemProxy;
			containerPortal = B173B05FDF76084A7B1BD514 /* Project object */;
			proxyType = 1;
			remoteGlobalIDString = 98EB205A233059F08A926EE8;
			remoteInfo = DeskBuddy;
		};
/* End PBXContainerItemProxy section */

/* Begin PBXFileReference section */
		0612DE7D7D1A267C8CFEDEF0 /* Assets.xcassets */ = {isa = PBXFileReference; lastKnownFileType = folder.assetcatalog; path = Assets.xcassets; sourceTree = "<group>"; };
		0947E64CF288BA59A1A5E403 /* AnimationRhythm.swift */ = {isa = PBXFileReference; lastKnownFileType = sourcecode.swift; path = AnimationRhythm.swift; sourceTree = "<group>"; };
		0C56C40E144AC480A160E5B3 /* SystemSignal.swift */ = {isa = PBXFileReference; lastKnownFileType = sourcecode.swift; path = SystemSignal.swift; sourceTree = "<group>"; };
		0D0974C218E6F658725092DF /* Speech.framework */ = {isa = PBXFileReference; lastKnownFileType = wrapper.framework; path = Speech.framework; sourceTree = "<group>"; };
		0E5A1035D9C0ADACE5CD65E7 /* ChatBubbleView.swift */ = {isa = PBXFileReference; lastKnownFileType = sourcecode.swift; path = ChatBubbleView.swift; sourceTree = "<group>"; };
		103B12FE020F55C54122C2E0 /* PetState.swift */ = {isa = PBXFileReference; lastKnownFileType = sourcecode.swift; path = PetState.swift; sourceTree = "<group>"; };
		12427FDFC408A249D1C3E2EA /* SettingsView.swift */ = {isa = PBXFileReference; lastKnownFileType = sourcecode.swift; path = SettingsView.swift; sourceTree = "<group>"; };
		20A4257D5BA1B8BA7D963679 /* AppDelegate.swift */ = {isa = PBXFileReference; lastKnownFileType = sourcecode.swift; path = AppDelegate.swift; sourceTree = "<group>"; };
		31F396A45689C70085B3128D /* SceneKitEngine.swift */ = {isa = PBXFileReference; lastKnownFileType = sourcecode.swift; path = SceneKitEngine.swift; sourceTree = "<group>"; };
		45A73B32D5645B30BE0C63A9 /* TimeSignal.swift */ = {isa = PBXFileReference; lastKnownFileType = sourcecode.swift; path = TimeSignal.swift; sourceTree = "<group>"; };
		53A3C264294B30D5B5C23547 /* EmotionEngineTests.swift */ = {isa = PBXFileReference; lastKnownFileType = sourcecode.swift; path = EmotionEngineTests.swift; sourceTree = "<group>"; };
		53DFC277D8BE197B2F591610 /* PetRenderEngine.swift */ = {isa = PBXFileReference; lastKnownFileType = sourcecode.swift; path = PetRenderEngine.swift; sourceTree = "<group>"; };
		58A773FEDA97DCFB2FB3E7CD /* SystemPromptBuilder.swift */ = {isa = PBXFileReference; lastKnownFileType = sourcecode.swift; path = SystemPromptBuilder.swift; sourceTree = "<group>"; };
		60B66CC60C145B118B07BE56 /* PetWindowView.swift */ = {isa = PBXFileReference; lastKnownFileType = sourcecode.swift; path = PetWindowView.swift; sourceTree = "<group>"; };
		6155145D5B22665A0EA43954 /* SpriteLoader.swift */ = {isa = PBXFileReference; lastKnownFileType = sourcecode.swift; path = SpriteLoader.swift; sourceTree = "<group>"; };
		616416EE1BE44DBAA5F623EB /* DeskBuddyTests.xctest */ = {isa = PBXFileReference; explicitFileType = wrapper.cfbundle; includeInIndex = 0; path = DeskBuddyTests.xctest; sourceTree = BUILT_PRODUCTS_DIR; };
		6E35666294022C054E1396B5 /* Dog3DAnimations.swift */ = {isa = PBXFileReference; lastKnownFileType = sourcecode.swift; path = Dog3DAnimations.swift; sourceTree = "<group>"; };
		7418E066B4A7449B1CEEC3FB /* ConversationStore.swift */ = {isa = PBXFileReference; lastKnownFileType = sourcecode.swift; path = ConversationStore.swift; sourceTree = "<group>"; };
		76B97022FE5CC97D03D458AC /* Info.plist */ = {isa = PBXFileReference; lastKnownFileType = text.plist; path = Info.plist; sourceTree = "<group>"; };
		7834962F9A1B9636565FAE4F /* DeskBuddy.entitlements */ = {isa = PBXFileReference; lastKnownFileType = text.plist.entitlements; path = DeskBuddy.entitlements; sourceTree = "<group>"; };
		86E39481C042B33F63D09394 /* EmotionEngine.swift */ = {isa = PBXFileReference; lastKnownFileType = sourcecode.swift; path = EmotionEngine.swift; sourceTree = "<group>"; };
		9CA24405C12B2AD51D95F5D0 /* AIBridge.swift */ = {isa = PBXFileReference; lastKnownFileType = sourcecode.swift; path = AIBridge.swift; sourceTree = "<group>"; };
		A829ED18808CD06D1AE8BD5F /* Dog3DModel.swift */ = {isa = PBXFileReference; lastKnownFileType = sourcecode.swift; path = Dog3DModel.swift; sourceTree = "<group>"; };
		AE76C97D05326362CADC324C /* SpriteKitEngine.swift */ = {isa = PBXFileReference; lastKnownFileType = sourcecode.swift; path = SpriteKitEngine.swift; sourceTree = "<group>"; };
		C561032E33A6E9F6CFE815A5 /* PetWindowController.swift */ = {isa = PBXFileReference; lastKnownFileType = sourcecode.swift; path = PetWindowController.swift; sourceTree = "<group>"; };
		C6930633B5B817BE298A2509 /* ExportOptions.plist */ = {isa = PBXFileReference; lastKnownFileType = text.plist; path = ExportOptions.plist; sourceTree = "<group>"; };
		C963CE34AE87D3DF3B28B83F /* DeskBuddyApp.swift */ = {isa = PBXFileReference; lastKnownFileType = sourcecode.swift; path = DeskBuddyApp.swift; sourceTree = "<group>"; };
		D277DCFE77AE705830275992 /* AIBridgeTests.swift */ = {isa = PBXFileReference; lastKnownFileType = sourcecode.swift; path = AIBridgeTests.swift; sourceTree = "<group>"; };
		D41F3D6A4CBC06B71C9C2B4B /* DeskBuddy.app */ = {isa = PBXFileReference; explicitFileType = wrapper.application; includeInIndex = 0; path = DeskBuddy.app; sourceTree = BUILT_PRODUCTS_DIR; };
		D8DBA3591A676CF1D1DC21E1 /* .gitkeep */ = {isa = PBXFileReference; path = .gitkeep; sourceTree = "<group>"; };
		E322CB9C659DD5445E761014 /* VoiceOutput.swift */ = {isa = PBXFileReference; lastKnownFileType = sourcecode.swift; path = VoiceOutput.swift; sourceTree = "<group>"; };
		E9223E784DAFB09360F57C9C /* ConfigStore.swift */ = {isa = PBXFileReference; lastKnownFileType = sourcecode.swift; path = ConfigStore.swift; sourceTree = "<group>"; };
		E9CF5711F6EA3732D5CFCA30 /* VoiceInput.swift */ = {isa = PBXFileReference; lastKnownFileType = sourcecode.swift; path = VoiceInput.swift; sourceTree = "<group>"; };
		F1D75799F0ECD08111989F04 /* PetEngineTests.swift */ = {isa = PBXFileReference; lastKnownFileType = sourcecode.swift; path = PetEngineTests.swift; sourceTree = "<group>"; };
		FADF99A2DCF90A27F5449015 /* IntimacySignal.swift */ = {isa = PBXFileReference; lastKnownFileType = sourcecode.swift; path = IntimacySignal.swift; sourceTree = "<group>"; };
/* End PBXFileReference section */

/* Begin PBXFrameworksBuildPhase section */
		770F6593BBC6340F42CED683 /* Frameworks */ = {
			isa = PBXFrameworksBuildPhase;
			buildActionMask = 2147483647;
			files = (
				6D0776F6720DD920A1013748 /* Speech.framework in Frameworks */,
			);
			runOnlyForDeploymentPostprocessing = 0;
		};
/* End PBXFrameworksBuildPhase section */

/* Begin PBXGroup section */
		10582A95F364F4752705605E /* Config */ = {
			isa = PBXGroup;
			children = (
				E9223E784DAFB09360F57C9C /* ConfigStore.swift */,
			);
			path = Config;
			sourceTree = "<group>";
		};
		14A6DDF080374C623C19AF44 /* Pet */ = {
			isa = PBXGroup;
			children = (
				0947E64CF288BA59A1A5E403 /* AnimationRhythm.swift */,
				6E35666294022C054E1396B5 /* Dog3DAnimations.swift */,
				A829ED18808CD06D1AE8BD5F /* Dog3DModel.swift */,
				53DFC277D8BE197B2F591610 /* PetRenderEngine.swift */,
				103B12FE020F55C54122C2E0 /* PetState.swift */,
				31F396A45689C70085B3128D /* SceneKitEngine.swift */,
				AE76C97D05326362CADC324C /* SpriteKitEngine.swift */,
				6155145D5B22665A0EA43954 /* SpriteLoader.swift */,
			);
			path = Pet;
			sourceTree = "<group>";
		};
		1ACAEE2A8174F7E4F62366F3 /* DeskBuddy */ = {
			isa = PBXGroup;
			children = (
				0612DE7D7D1A267C8CFEDEF0 /* Assets.xcassets */,
				7834962F9A1B9636565FAE4F /* DeskBuddy.entitlements */,
				C6930633B5B817BE298A2509 /* ExportOptions.plist */,
				76B97022FE5CC97D03D458AC /* Info.plist */,
				DA5F70A82EA719798CA73B9A /* AI */,
				D36C441046FBE7603705BF0A /* App */,
				940E07D2D70C98CB24C1CCA6 /* Assets */,
				10582A95F364F4752705605E /* Config */,
				F87FAF644C88402D3F82A859 /* Emotion */,
				14A6DDF080374C623C19AF44 /* Pet */,
				52B8866740D135B2F1391D0B /* UI */,
				CD321A8BC39773332AA37DF6 /* Voice */,
				9FBA7DC1336F2A14AA049238 /* Window */,
			);
			path = DeskBuddy;
			sourceTree = "<group>";
		};
		208193968549966CCA9CE048 /* DeskBuddyTests */ = {
			isa = PBXGroup;
			children = (
				D277DCFE77AE705830275992 /* AIBridgeTests.swift */,
				53A3C264294B30D5B5C23547 /* EmotionEngineTests.swift */,
				F1D75799F0ECD08111989F04 /* PetEngineTests.swift */,
			);
			path = DeskBuddyTests;
			sourceTree = "<group>";
		};
		52B8866740D135B2F1391D0B /* UI */ = {
			isa = PBXGroup;
			children = (
				0E5A1035D9C0ADACE5CD65E7 /* ChatBubbleView.swift */,
				12427FDFC408A249D1C3E2EA /* SettingsView.swift */,
			);
			path = UI;
			sourceTree = "<group>";
		};
		79AD0D362AE919452E946407 /* Products */ = {
			isa = PBXGroup;
			children = (
				D41F3D6A4CBC06B71C9C2B4B /* DeskBuddy.app */,
				616416EE1BE44DBAA5F623EB /* DeskBuddyTests.xctest */,
			);
			name = Products;
			sourceTree = "<group>";
		};
		81AD476B577A1C4B8504BF7D /* Sprites */ = {
			isa = PBXGroup;
			children = (
				D8DBA3591A676CF1D1DC21E1 /* .gitkeep */,
			);
			path = Sprites;
			sourceTree = "<group>";
		};
		940E07D2D70C98CB24C1CCA6 /* Assets */ = {
			isa = PBXGroup;
			children = (
				81AD476B577A1C4B8504BF7D /* Sprites */,
			);
			path = Assets;
			sourceTree = "<group>";
		};
		99503CC645EFD3B9E853E931 = {
			isa = PBXGroup;
			children = (
				1ACAEE2A8174F7E4F62366F3 /* DeskBuddy */,
				208193968549966CCA9CE048 /* DeskBuddyTests */,
				C88B99FAE765B819059D2977 /* Frameworks */,
				79AD0D362AE919452E946407 /* Products */,
			);
			sourceTree = "<group>";
		};
		9FBA7DC1336F2A14AA049238 /* Window */ = {
			isa = PBXGroup;
			children = (
				C561032E33A6E9F6CFE815A5 /* PetWindowController.swift */,
				60B66CC60C145B118B07BE56 /* PetWindowView.swift */,
			);
			path = Window;
			sourceTree = "<group>";
		};
		C88B99FAE765B819059D2977 /* Frameworks */ = {
			isa = PBXGroup;
			children = (
				0D0974C218E6F658725092DF /* Speech.framework */,
			);
			name = Frameworks;
			sourceTree = "<group>";
		};
		CD321A8BC39773332AA37DF6 /* Voice */ = {
			isa = PBXGroup;
			children = (
				E9CF5711F6EA3732D5CFCA30 /* VoiceInput.swift */,
				E322CB9C659DD5445E761014 /* VoiceOutput.swift */,
			);
			path = Voice;
			sourceTree = "<group>";
		};
		D36C441046FBE7603705BF0A /* App */ = {
			isa = PBXGroup;
			children = (
				20A4257D5BA1B8BA7D963679 /* AppDelegate.swift */,
				C963CE34AE87D3DF3B28B83F /* DeskBuddyApp.swift */,
			);
			path = App;
			sourceTree = "<group>";
		};
		DA5F70A82EA719798CA73B9A /* AI */ = {
			isa = PBXGroup;
			children = (
				9CA24405C12B2AD51D95F5D0 /* AIBridge.swift */,
				7418E066B4A7449B1CEEC3FB /* ConversationStore.swift */,
				58A773FEDA97DCFB2FB3E7CD /* SystemPromptBuilder.swift */,
			);
			path = AI;
			sourceTree = "<group>";
		};
		F87FAF644C88402D3F82A859 /* Emotion */ = {
			isa = PBXGroup;
			children = (
				86E39481C042B33F63D09394 /* EmotionEngine.swift */,
				FADF99A2DCF90A27F5449015 /* IntimacySignal.swift */,
				0C56C40E144AC480A160E5B3 /* SystemSignal.swift */,
				45A73B32D5645B30BE0C63A9 /* TimeSignal.swift */,
			);
			path = Emotion;
			sourceTree = "<group>";
		};
/* End PBXGroup section */

/* Begin PBXNativeTarget section */
		98EB205A233059F08A926EE8 /* DeskBuddy */ = {
			isa = PBXNativeTarget;
			buildConfigurationList = D70FB20C314C31EC365CD7A8 /* Build configuration list for PBXNativeTarget "DeskBuddy" */;
			buildPhases = (
				39C40599D4216551681A60A9 /* Sources */,
				051EF5B6D9465C9028538075 /* Resources */,
				770F6593BBC6340F42CED683 /* Frameworks */,
			);
			buildRules = (
			);
			dependencies = (
			);
			name = DeskBuddy;
			packageProductDependencies = (
			);
			productName = DeskBuddy;
			productReference = D41F3D6A4CBC06B71C9C2B4B /* DeskBuddy.app */;
			productType = "com.apple.product-type.application";
		};
		B1B3EC00A2AD419B465F18CC /* DeskBuddyTests */ = {
			isa = PBXNativeTarget;
			buildConfigurationList = F892D8E2C79697BD72EE4DFE /* Build configuration list for PBXNativeTarget "DeskBuddyTests" */;
			buildPhases = (
				1A357D95EAED38C545CD037E /* Sources */,
			);
			buildRules = (
			);
			dependencies = (
				56D6C5DBBE247C8ED82D29E7 /* PBXTargetDependency */,
			);
			name = DeskBuddyTests;
			packageProductDependencies = (
			);
			productName = DeskBuddyTests;
			productReference = 616416EE1BE44DBAA5F623EB /* DeskBuddyTests.xctest */;
			productType = "com.apple.product-type.bundle.unit-test";
		};
/* End PBXNativeTarget section */

/* Begin PBXProject section */
		B173B05FDF76084A7B1BD514 /* Project object */ = {
			isa = PBXProject;
			attributes = {
				BuildIndependentTargetsInParallel = YES;
				LastUpgradeCheck = 1500;
				TargetAttributes = {
					98EB205A233059F08A926EE8 = {
						ProvisioningStyle = Automatic;
					};
				};
			};
			buildConfigurationList = AE9FD2EADFEA06A671ACDE1E /* Build configuration list for PBXProject "DeskBuddy" */;
			developmentRegion = en;
			hasScannedForEncodings = 0;
			knownRegions = (
				Base,
				en,
			);
			mainGroup = 99503CC645EFD3B9E853E931;
			minimizedProjectReferenceProxies = 1;
			preferredProjectObjectVersion = 77;
			productRefGroup = 79AD0D362AE919452E946407 /* Products */;
			projectDirPath = "";
			projectRoot = "";
			targets = (
				98EB205A233059F08A926EE8 /* DeskBuddy */,
				B1B3EC00A2AD419B465F18CC /* DeskBuddyTests */,
			);
		};
/* End PBXProject section */

/* Begin PBXResourcesBuildPhase section */
		051EF5B6D9465C9028538075 /* Resources */ = {
			isa = PBXResourcesBuildPhase;
			buildActionMask = 2147483647;
			files = (
				2FC9CE0E2933B186B3A05E6F /* Assets.xcassets in Resources */,
				F80F8435F9466F91C7097871 /* ExportOptions.plist in Resources */,
			);
			runOnlyForDeploymentPostprocessing = 0;
		};
/* End PBXResourcesBuildPhase section */

/* Begin PBXSourcesBuildPhase section */
		1A357D95EAED38C545CD037E /* Sources */ = {
			isa = PBXSourcesBuildPhase;
			buildActionMask = 2147483647;
			files = (
				71059FEE585F1B7AF553C295 /* AIBridgeTests.swift in Sources */,
				93703FF33ED493FD879A9AF2 /* EmotionEngineTests.swift in Sources */,
				032E3FB62E60BFFAAED186A8 /* PetEngineTests.swift in Sources */,
			);
			runOnlyForDeploymentPostprocessing = 0;
		};
		39C40599D4216551681A60A9 /* Sources */ = {
			isa = PBXSourcesBuildPhase;
			buildActionMask = 2147483647;
			files = (
				A9EED6920565B0B2494B0E2F /* AIBridge.swift in Sources */,
				794F144290BEA9D272F0C3DA /* AnimationRhythm.swift in Sources */,
				319469BFFB82DCDAC6EBC326 /* AppDelegate.swift in Sources */,
				2011B284CFC52C8F79C78F21 /* ChatBubbleView.swift in Sources */,
				A98B8AC774EB488B475AC1B5 /* ConfigStore.swift in Sources */,
				1B9158C753D71959F2CAAB83 /* ConversationStore.swift in Sources */,
				69D786C472966C6D34FD41C9 /* DeskBuddyApp.swift in Sources */,
				595B7C9A4F33B6949E4A9562 /* Dog3DAnimations.swift in Sources */,
				90427EE52ABF6DB6CA9B1FA2 /* Dog3DModel.swift in Sources */,
				F3893C0612F2D9EF691872A4 /* EmotionEngine.swift in Sources */,
				BFBAC3A3BD1FA647BB02B79F /* IntimacySignal.swift in Sources */,
				8A111051E5A8265CB0CCB5B4 /* PetRenderEngine.swift in Sources */,
				EEF130A7739DFC059E0925E8 /* PetState.swift in Sources */,
				77B9C80022179EE9F0237F8A /* PetWindowController.swift in Sources */,
				0667EC37B6C23A63B148F886 /* PetWindowView.swift in Sources */,
				50B3FD87D67B7F5B677E0508 /* SceneKitEngine.swift in Sources */,
				539ABACDB538FDB20935F032 /* SettingsView.swift in Sources */,
				29C10457BC0608C1B7E67DAC /* SpriteKitEngine.swift in Sources */,
				BF398E620DF51FBBA6E2A653 /* SpriteLoader.swift in Sources */,
				EFBC2E834C916892DB9D83D2 /* SystemPromptBuilder.swift in Sources */,
				49158FE8D6B30E4FACA09107 /* SystemSignal.swift in Sources */,
				7CE35D17693E67444E030A2B /* TimeSignal.swift in Sources */,
				9751718EBF2D57A244815540 /* VoiceInput.swift in Sources */,
				76E766675A48D9384E5BB0D7 /* VoiceOutput.swift in Sources */,
			);
			runOnlyForDeploymentPostprocessing = 0;
		};
/* End PBXSourcesBuildPhase section */

/* Begin PBXTargetDependency section */
		56D6C5DBBE247C8ED82D29E7 /* PBXTargetDependency */ = {
			isa = PBXTargetDependency;
			target = 98EB205A233059F08A926EE8 /* DeskBuddy */;
			targetProxy = 30A8F57BB5F549C6A8C2404D /* PBXContainerItemProxy */;
		};
/* End PBXTargetDependency section */

/* Begin XCBuildConfiguration section */
		0BE7FBC1B2EC8A17B528706F /* Release */ = {
			isa = XCBuildConfiguration;
			buildSettings = {
				ASSETCATALOG_COMPILER_APPICON_NAME = AppIcon;
				CODE_SIGN_ENTITLEMENTS = DeskBuddy/DeskBuddy.entitlements;
				CODE_SIGN_STYLE = Automatic;
				COMBINE_HIDPI_IMAGES = YES;
				FRAMEWORK_SEARCH_PATHS = (
					"$(inherited)",
					"\".\"",
				);
				INFOPLIST_FILE = DeskBuddy/Info.plist;
				LD_RUNPATH_SEARCH_PATHS = (
					"$(inherited)",
					"@executable_path/../Frameworks",
				);
				PRODUCT_BUNDLE_IDENTIFIER = com.deskbuddy.app;
				SDKROOT = macosx;
			};
			name = Release;
		};
		3160AFB7EAC1233FCB894502 /* Release */ = {
			isa = XCBuildConfiguration;
			buildSettings = {
				ALWAYS_SEARCH_USER_PATHS = NO;
				CLANG_ANALYZER_NONNULL = YES;
				CLANG_ANALYZER_NUMBER_OBJECT_CONVERSION = YES_AGGRESSIVE;
				CLANG_CXX_LANGUAGE_STANDARD = "gnu++14";
				CLANG_CXX_LIBRARY = "libc++";
				CLANG_ENABLE_MODULES = YES;
				CLANG_ENABLE_OBJC_ARC = YES;
				CLANG_ENABLE_OBJC_WEAK = YES;
				CLANG_WARN_BLOCK_CAPTURE_AUTORELEASING = YES;
				CLANG_WARN_BOOL_CONVERSION = YES;
				CLANG_WARN_COMMA = YES;
				CLANG_WARN_CONSTANT_CONVERSION = YES;
				CLANG_WARN_DEPRECATED_OBJC_IMPLEMENTATIONS = YES;
				CLANG_WARN_DIRECT_OBJC_ISA_USAGE = YES_ERROR;
				CLANG_WARN_DOCUMENTATION_COMMENTS = YES;
				CLANG_WARN_EMPTY_BODY = YES;
				CLANG_WARN_ENUM_CONVERSION = YES;
				CLANG_WARN_INFINITE_RECURSION = YES;
				CLANG_WARN_INT_CONVERSION = YES;
				CLANG_WARN_NON_LITERAL_NULL_CONVERSION = YES;
				CLANG_WARN_OBJC_IMPLICIT_RETAIN_SELF = YES;
				CLANG_WARN_OBJC_LITERAL_CONVERSION = YES;
				CLANG_WARN_OBJC_ROOT_CLASS = YES_ERROR;
				CLANG_WARN_QUOTED_INCLUDE_IN_FRAMEWORK_HEADER = YES;
				CLANG_WARN_RANGE_LOOP_ANALYSIS = YES;
				CLANG_WARN_STRICT_PROTOTYPES = YES;
				CLANG_WARN_SUSPICIOUS_MOVE = YES;
				CLANG_WARN_UNGUARDED_AVAILABILITY = YES_AGGRESSIVE;
				CLANG_WARN_UNREACHABLE_CODE = YES;
				CLANG_WARN__DUPLICATE_METHOD_MATCH = YES;
				COPY_PHASE_STRIP = NO;
				DEBUG_INFORMATION_FORMAT = "dwarf-with-dsym";
				ENABLE_NS_ASSERTIONS = NO;
				ENABLE_STRICT_OBJC_MSGSEND = YES;
				GCC_C_LANGUAGE_STANDARD = gnu11;
				GCC_NO_COMMON_BLOCKS = YES;
				GCC_WARN_64_TO_32_BIT_CONVERSION = YES;
				GCC_WARN_ABOUT_RETURN_TYPE = YES_ERROR;
				GCC_WARN_UNDECLARED_SELECTOR = YES;
				GCC_WARN_UNINITIALIZED_AUTOS = YES_AGGRESSIVE;
				GCC_WARN_UNUSED_FUNCTION = YES;
				GCC_WARN_UNUSED_VARIABLE = YES;
				MACOSX_DEPLOYMENT_TARGET = 13.0;
				MTL_ENABLE_DEBUG_INFO = NO;
				MTL_FAST_MATH = YES;
				PRODUCT_NAME = "$(TARGET_NAME)";
				SDKROOT = macosx;
				SWIFT_COMPILATION_MODE = wholemodule;
				SWIFT_OPTIMIZATION_LEVEL = "-O";
				SWIFT_VERSION = 5.9;
			};
			name = Release;
		};
		3DF912F9AEF4AA9B49F44CA9 /* Release */ = {
			isa = XCBuildConfiguration;
			buildSettings = {
				BUNDLE_LOADER = "$(TEST_HOST)";
				COMBINE_HIDPI_IMAGES = YES;
				GENERATE_INFOPLIST_FILE = YES;
				LD_RUNPATH_SEARCH_PATHS = (
					"$(inherited)",
					"@executable_path/../Frameworks",
					"@loader_path/../Frameworks",
				);
				PRODUCT_BUNDLE_IDENTIFIER = com.deskbuddy.tests;
				SDKROOT = macosx;
				TEST_HOST = "$(BUILT_PRODUCTS_DIR)/DeskBuddy.app/Contents/MacOS/DeskBuddy";
			};
			name = Release;
		};
		A48E5E8FB8CD1A8A98F3522B /* Debug */ = {
			isa = XCBuildConfiguration;
			buildSettings = {
				ASSETCATALOG_COMPILER_APPICON_NAME = AppIcon;
				CODE_SIGN_ENTITLEMENTS = DeskBuddy/DeskBuddy.entitlements;
				CODE_SIGN_STYLE = Automatic;
				COMBINE_HIDPI_IMAGES = YES;
				FRAMEWORK_SEARCH_PATHS = (
					"$(inherited)",
					"\".\"",
				);
				INFOPLIST_FILE = DeskBuddy/Info.plist;
				LD_RUNPATH_SEARCH_PATHS = (
					"$(inherited)",
					"@executable_path/../Frameworks",
				);
				PRODUCT_BUNDLE_IDENTIFIER = com.deskbuddy.app;
				SDKROOT = macosx;
			};
			name = Debug;
		};
		C551D5E87EB32B98690BA897 /* Debug */ = {
			isa = XCBuildConfiguration;
			buildSettings = {
				ALWAYS_SEARCH_USER_PATHS = NO;
				CLANG_ANALYZER_NONNULL = YES;
				CLANG_ANALYZER_NUMBER_OBJECT_CONVERSION = YES_AGGRESSIVE;
				CLANG_CXX_LANGUAGE_STANDARD = "gnu++14";
				CLANG_CXX_LIBRARY = "libc++";
				CLANG_ENABLE_MODULES = YES;
				CLANG_ENABLE_OBJC_ARC = YES;
				CLANG_ENABLE_OBJC_WEAK = YES;
				CLANG_WARN_BLOCK_CAPTURE_AUTORELEASING = YES;
				CLANG_WARN_BOOL_CONVERSION = YES;
				CLANG_WARN_COMMA = YES;
				CLANG_WARN_CONSTANT_CONVERSION = YES;
				CLANG_WARN_DEPRECATED_OBJC_IMPLEMENTATIONS = YES;
				CLANG_WARN_DIRECT_OBJC_ISA_USAGE = YES_ERROR;
				CLANG_WARN_DOCUMENTATION_COMMENTS = YES;
				CLANG_WARN_EMPTY_BODY = YES;
				CLANG_WARN_ENUM_CONVERSION = YES;
				CLANG_WARN_INFINITE_RECURSION = YES;
				CLANG_WARN_INT_CONVERSION = YES;
				CLANG_WARN_NON_LITERAL_NULL_CONVERSION = YES;
				CLANG_WARN_OBJC_IMPLICIT_RETAIN_SELF = YES;
				CLANG_WARN_OBJC_LITERAL_CONVERSION = YES;
				CLANG_WARN_OBJC_ROOT_CLASS = YES_ERROR;
				CLANG_WARN_QUOTED_INCLUDE_IN_FRAMEWORK_HEADER = YES;
				CLANG_WARN_RANGE_LOOP_ANALYSIS = YES;
				CLANG_WARN_STRICT_PROTOTYPES = YES;
				CLANG_WARN_SUSPICIOUS_MOVE = YES;
				CLANG_WARN_UNGUARDED_AVAILABILITY = YES_AGGRESSIVE;
				CLANG_WARN_UNREACHABLE_CODE = YES;
				CLANG_WARN__DUPLICATE_METHOD_MATCH = YES;
				COPY_PHASE_STRIP = NO;
				DEBUG_INFORMATION_FORMAT = dwarf;
				ENABLE_STRICT_OBJC_MSGSEND = YES;
				ENABLE_TESTABILITY = YES;
				GCC_C_LANGUAGE_STANDARD = gnu11;
				GCC_DYNAMIC_NO_PIC = NO;
				GCC_NO_COMMON_BLOCKS = YES;
				GCC_OPTIMIZATION_LEVEL = 0;
				GCC_PREPROCESSOR_DEFINITIONS = (
					"$(inherited)",
					"DEBUG=1",
				);
				GCC_WARN_64_TO_32_BIT_CONVERSION = YES;
				GCC_WARN_ABOUT_RETURN_TYPE = YES_ERROR;
				GCC_WARN_UNDECLARED_SELECTOR = YES;
				GCC_WARN_UNINITIALIZED_AUTOS = YES_AGGRESSIVE;
				GCC_WARN_UNUSED_FUNCTION = YES;
				GCC_WARN_UNUSED_VARIABLE = YES;
				MACOSX_DEPLOYMENT_TARGET = 13.0;
				MTL_ENABLE_DEBUG_INFO = INCLUDE_SOURCE;
				MTL_FAST_MATH = YES;
				ONLY_ACTIVE_ARCH = YES;
				PRODUCT_NAME = "$(TARGET_NAME)";
				SDKROOT = macosx;
				SWIFT_ACTIVE_COMPILATION_CONDITIONS = DEBUG;
				SWIFT_OPTIMIZATION_LEVEL = "-Onone";
				SWIFT_VERSION = 5.9;
			};
			name = Debug;
		};
		F4EC959CFED67CCF1BB40DF6 /* Debug */ = {
			isa = XCBuildConfiguration;
			buildSettings = {
				BUNDLE_LOADER = "$(TEST_HOST)";
				COMBINE_HIDPI_IMAGES = YES;
				GENERATE_INFOPLIST_FILE = YES;
				LD_RUNPATH_SEARCH_PATHS = (
					"$(inherited)",
					"@executable_path/../Frameworks",
					"@loader_path/../Frameworks",
				);
				PRODUCT_BUNDLE_IDENTIFIER = com.deskbuddy.tests;
				SDKROOT = macosx;
				TEST_HOST = "$(BUILT_PRODUCTS_DIR)/DeskBuddy.app/Contents/MacOS/DeskBuddy";
			};
			name = Debug;
		};
/* End XCBuildConfiguration section */

/* Begin XCConfigurationList section */
		AE9FD2EADFEA06A671ACDE1E /* Build configuration list for PBXProject "DeskBuddy" */ = {
			isa = XCConfigurationList;
			buildConfigurations = (
				C551D5E87EB32B98690BA897 /* Debug */,
				3160AFB7EAC1233FCB894502 /* Release */,
			);
			defaultConfigurationIsVisible = 0;
			defaultConfigurationName = Debug;
		};
		D70FB20C314C31EC365CD7A8 /* Build configuration list for PBXNativeTarget "DeskBuddy" */ = {
			isa = XCConfigurationList;
			buildConfigurations = (
				A48E5E8FB8CD1A8A98F3522B /* Debug */,
				0BE7FBC1B2EC8A17B528706F /* Release */,
			);
			defaultConfigurationIsVisible = 0;
			defaultConfigurationName = Debug;
		};
		F892D8E2C79697BD72EE4DFE /* Build configuration list for PBXNativeTarget "DeskBuddyTests" */ = {
			isa = XCConfigurationList;
			buildConfigurations = (
				F4EC959CFED67CCF1BB40DF6 /* Debug */,
				3DF912F9AEF4AA9B49F44CA9 /* Release */,
			);
			defaultConfigurationIsVisible = 0;
			defaultConfigurationName = Debug;
		};
/* End XCConfigurationList section */
	};
	rootObject = B173B05FDF76084A7B1BD514 /* Project object */;
}
